// !$*UTF8*$!
{
	archiveVersion = 1;
	classes = {
	};
	objectVersion = 77;
	objects = {

/* Begin PBXBuildFile section */
		E02E4CEA2F004D6C0013B5C1 /* SwiftfulUtilities in Frameworks */ = {isa = PBXBuildFile; productRef = E02E4CE92F004D6C0013B5C1 /* SwiftfulUtilities */; };
		E0A0B7452EDFC526000531B4 /* SDWebImageSwiftUI in Frameworks */ = {isa = PBXBuildFile; productRef = E0A0B7442EDFC526000531B4 /* SDWebImageSwiftUI */; };
		E0CFDB982F4333EC00EB350C /* FirebaseAuth in Frameworks */ = {isa = PBXBuildFile; productRef = E0CFDB972F4333EC00EB350C /* FirebaseAuth */; };
/* End PBXBuildFile section */

/* Begin PBXContainerItemProxy section */
		E0C025422EC4A540004A17D9 /* PBXContainerItemProxy */ = {
			isa = PBXContainerItemProxy;
			containerPortal = E0C0252C2EC4A53E004A17D9 /* Project object */;
			proxyType = 1;
			remoteGlobalIDString = E0C025332EC4A53E004A17D9;
			remoteInfo = AIChat;
		};
		E0C0254C2EC4A540004A17D9 /* PBXContainerItemProxy */ = {
			isa = PBXContainerItemProxy;
			containerPortal = E0C0252C2EC4A53E004A17D9 /* Project object */;
			proxyType = 1;
			remoteGlobalIDString = E0C025332EC4A53E004A17D9;
			remoteInfo = AIChat;
		};
/* End PBXContainerItemProxy section */

/* Begin PBXFileReference section */
		E0C025342EC4A53E004A17D9 /* AIChat.app */ = {isa = PBXFileReference; explicitFileType = wrapper.application; includeInIndex = 0; path = AIChat.app; sourceTree = BUILT_PRODUCTS_DIR; };
		E0C025412EC4A540004A17D9 /* AIChatTests.xctest */ = {isa = PBXFileReference; explicitFileType = wrapper.cfbundle; includeInIndex = 0; path = AIChatTests.xctest; sourceTree = BUILT_PRODUCTS_DIR; };
		E0C0254B2EC4A540004A17D9 /* AIChatUITests.xctest */ = {isa = PBXFileReference; explicitFileType = wrapper.cfbundle; includeInIndex = 0; path = AIChatUITests.xctest; sourceTree = BUILT_PRODUCTS_DIR; };
/* End PBXFileReference section */

/* Begin PBXFileSystemSynchronizedBuildFileExceptionSet section */
		E0C3549B2EC63E170055F5D4 /* Exceptions for "AIChat" folder in "AIChat" target */ = {
			isa = PBXFileSystemSynchronizedBuildFileExceptionSet;
			membershipExceptions = (
				Info.plist,
			);
			target = E0C025332EC4A53E004A17D9 /* AIChat */;
		};
/* End PBXFileSystemSynchronizedBuildFileExceptionSet section */

/* Begin PBXFileSystemSynchronizedRootGroup section */
		E0C025362EC4A53E004A17D9 /* AIChat */ = {
			isa = PBXFileSystemSynchronizedRootGroup;
			exceptions = (
				E0C3549B2EC63E170055F5D4 /* Exceptions for "AIChat" folder in "AIChat" target */,
			);
			path = AIChat;
			sourceTree = "<group>";
		};
		E0C025442EC4A540004A17D9 /* AIChatTests */ = {
			isa = PBXFileSystemSynchronizedRootGroup;
			path = AIChatTests;
			sourceTree = "<group>";
		};
		E0C0254E2EC4A540004A17D9 /* AIChatUITests */ = {
			isa = PBXFileSystemSynchronizedRootGroup;
			path = AIChatUITests;
			sourceTree = "<group>";
		};
/* End PBXFileSystemSynchronizedRootGroup section */

/* Begin PBXFrameworksBuildPhase section */
		E0C025312EC4A53E004A17D9 /* Frameworks */ = {
			isa = PBXFrameworksBuildPhase;
			buildActionMask = 2147483647;
			files = (
				E0A0B7452EDFC526000531B4 /* SDWebImageSwiftUI in Frameworks */,
				E0CFDB982F4333EC00EB350C /* FirebaseAuth in Frameworks */,
				E02E4CEA2F004D6C0013B5C1 /* SwiftfulUtilities in Frameworks */,
			);
			runOnlyForDeploymentPostprocessing = 0;
		};
		E0C0253E2EC4A540004A17D9 /* Frameworks */ = {
			isa = PBXFrameworksBuildPhase;
			buildActionMask = 2147483647;
			files = (
			);
			runOnlyForDeploymentPostprocessing = 0;
		};
		E0C025482EC4A540004A17D9 /* Frameworks */ = {
			isa = PBXFrameworksBuildPhase;
			buildActionMask = 2147483647;
			files = (
			);
			runOnlyForDeploymentPostprocessing = 0;
		};
/* End PBXFrameworksBuildPhase section */

/* Begin PBXGroup section */
		E0C0252B2EC4A53E004A17D9 = {
			isa = PBXGroup;
			children = (
				E0C025362EC4A53E004A17D9 /* AIChat */,
				E0C025442EC4A540004A17D9 /* AIChatTests */,
				E0C0254E2EC4A540004A17D9 /* AIChatUITests */,
				E0C025352EC4A53E004A17D9 /* Products */,
			);
			sourceTree = "<group>";
		};
		E0C025352EC4A53E004A17D9 /* Products */ = {
			isa = PBXGroup;
			children = (
				E0C025342EC4A53E004A17D9 /* AIChat.app */,
				E0C025412EC4A540004A17D9 /* AIChatTests.xctest */,
				E0C0254B2EC4A540004A17D9 /* AIChatUITests.xctest */,
			);
			name = Products;
			sourceTree = "<group>";
		};
/* End PBXGroup section */

/* Begin PBXNativeTarget section */
		E0C025332EC4A53E004A17D9 /* AIChat */ = {
			isa = PBXNativeTarget;
			buildConfigurationList = E0C025552EC4A540004A17D9 /* Build configuration list for PBXNativeTarget "AIChat" */;
			buildPhases = (
				E0C025302EC4A53E004A17D9 /* Sources */,
				E0C025312EC4A53E004A17D9 /* Frameworks */,
				E0C025322EC4A53E004A17D9 /* Resources */,
				E054CF262EC6523B00DFB35F /* ShellScript */,
			);
			buildRules = (
			);
			dependencies = (
			);
			fileSystemSynchronizedGroups = (
				E0C025362EC4A53E004A17D9 /* AIChat */,
			);
			name = AIChat;
			packageProductDependencies = (
				E0A0B7442EDFC526000531B4 /* SDWebImageSwiftUI */,
				E02E4CE92F004D6C0013B5C1 /* SwiftfulUtilities */,
				E0CFDB972F4333EC00EB350C /* FirebaseAuth */,
			);
			productName = AIChat;
			productReference = E0C025342EC4A53E004A17D9 /* AIChat.app */;
			productType = "com.apple.product-type.application";
		};
		E0C025402EC4A540004A17D9 /* AIChatTests */ = {
			isa = PBXNativeTarget;
			buildConfigurationList = E0C025582EC4A540004A17D9 /* Build configuration list for PBXNativeTarget "AIChatTests" */;
			buildPhases = (
				E0C0253D2EC4A540004A17D9 /* Sources */,
				E0C0253E2EC4A540004A17D9 /* Frameworks */,
				E0C0253F2EC4A540004A17D9 /* Resources */,
			);
			buildRules = (
			);
			dependencies = (
				E0C025432EC4A540004A17D9 /* PBXTargetDependency */,
			);
			fileSystemSynchronizedGroups = (
				E0C025442EC4A540004A17D9 /* AIChatTests */,
			);
			name = AIChatTests;
			packageProductDependencies = (
			);
			productName = AIChatTests;
			productReference = E0C025412EC4A540004A17D9 /* AIChatTests.xctest */;
			productType = "com.apple.product-type.bundle.unit-test";
		};
		E0C0254A2EC4A540004A17D9 /* AIChatUITests */ = {
			isa = PBXNativeTarget;
			buildConfigurationList = E0C0255B2EC4A540004A17D9 /* Build configuration list for PBXNativeTarget "AIChatUITests" */;
			buildPhases = (
				E0C025472EC4A540004A17D9 /* Sources */,
				E0C025482EC4A540004A17D9 /* Frameworks */,
				E0C025492EC4A540004A17D9 /* Resources */,
			);
			buildRules = (
			);
			dependencies = (
				E0C0254D2EC4A540004A17D9 /* PBXTargetDependency */,
			);
			fileSystemSynchronizedGroups = (
				E0C0254E2EC4A540004A17D9 /* AIChatUITests */,
			);
			name = AIChatUITests;
			packageProductDependencies = (
			);
			productName = AIChatUITests;
			productReference = E0C0254B2EC4A540004A17D9 /* AIChatUITests.xctest */;
			productType = "com.apple.product-type.bundle.ui-testing";
		};
/* End PBXNativeTarget section */

/* Begin PBXProject section */
		E0C0252C2EC4A53E004A17D9 /* Project object */ = {
			isa = PBXProject;
			attributes = {
				BuildIndependentTargetsInParallel = 1;
				LastSwiftUpdateCheck = 2600;
				LastUpgradeCheck = 2600;
				TargetAttributes = {
					E0C025332EC4A53E004A17D9 = {
						CreatedOnToolsVersion = 26.0.1;
					};
					E0C025402EC4A540004A17D9 = {
						CreatedOnToolsVersion = 26.0.1;
						TestTargetID = E0C025332EC4A53E004A17D9;
					};
					E0C0254A2EC4A540004A17D9 = {
						CreatedOnToolsVersion = 26.0.1;
						TestTargetID = E0C025332EC4A53E004A17D9;
					};
				};
			};
			buildConfigurationList = E0C0252F2EC4A53E004A17D9 /* Build configuration list for PBXProject "AIChat" */;
			developmentRegion = en;
			hasScannedForEncodings = 0;
			knownRegions = (
				en,
				Base,
			);
			mainGroup = E0C0252B2EC4A53E004A17D9;
			minimizedProjectReferenceProxies = 1;
			packageReferences = (
				E0A0B7432EDFC526000531B4 /* XCRemoteSwiftPackageReference "SDWebImageSwiftUI" */,
				E02E4CE82F004D6C0013B5C1 /* XCRemoteSwiftPackageReference "SwiftfulUtilities" */,
				E0CFDB962F4333EC00EB350C /* XCRemoteSwiftPackageReference "firebase-ios-sdk" */,
			);
			preferredProjectObjectVersion = 77;
			productRefGroup = E0C025352EC4A53E004A17D9 /* Products */;
			projectDirPath = "";
			projectRoot = "";
			targets = (
				E0C025332EC4A53E004A17D9 /* AIChat */,
				E0C025402EC4A540004A17D9 /* AIChatTests */,
				E0C0254A2EC4A540004A17D9 /* AIChatUITests */,
			);
		};
/* End PBXProject section */

/* Begin PBXResourcesBuildPhase section */
		E0C025322EC4A53E004A17D9 /* Resources */ = {
			isa = PBXResourcesBuildPhase;
			buildActionMask = 2147483647;
			files = (
			);
			runOnlyForDeploymentPostprocessing = 0;
		};
		E0C0253F2EC4A540004A17D9 /* Resources */ = {
			isa = PBXResourcesBuildPhase;
			buildActionMask = 2147483647;
			files = (
			);
			runOnlyForDeploymentPostprocessing = 0;
		};
		E0C025492EC4A540004A17D9 /* Resources */ = {
			isa = PBXResourcesBuildPhase;
			buildActionMask = 2147483647;
			files = (
			);
			runOnlyForDeploymentPostprocessing = 0;
		};
/* End PBXResourcesBuildPhase section */

/* Begin PBXShellScriptBuildPhase section */
		E054CF262EC6523B00DFB35F /* ShellScript */ = {
			isa = PBXShellScriptBuildPhase;
			buildActionMask = 2147483647;
			files = (
			);
			inputFileListPaths = (
			);
			inputPaths = (
			);
			outputFileListPaths = (
			);
			outputPaths = (
			);
			runOnlyForDeploymentPostprocessing = 0;
			shellPath = /bin/sh;
			shellScript = "if [[ \"$(uname -m)\" == arm64 ]]\nthen\n    export PATH=\"/opt/homebrew/bin:$PATH\"\nfi\n\nif command -v swiftlint >/dev/null 2>&1\nthen\n    swiftlint\nelse\n    echo \"warning: `swiftlint` command not found - See https://github.com/realm/SwiftLint#installation for installation instructions.\"\nfi\n";
		};
/* End PBXShellScriptBuildPhase section */

/* Begin PBXSourcesBuildPhase section */
		E0C025302EC4A53E004A17D9 /* Sources */ = {
			isa = PBXSourcesBuildPhase;
			buildActionMask = 2147483647;
			files = (
			);
			runOnlyForDeploymentPostprocessing = 0;
		};
		E0C0253D2EC4A540004A17D9 /* Sources */ = {
			isa = PBXSourcesBuildPhase;
			buildActionMask = 2147483647;
			files = (
			);
			runOnlyForDeploymentPostprocessing = 0;
		};
		E0C025472EC4A540004A17D9 /* Sources */ = {
			isa = PBXSourcesBuildPhase;
			buildActionMask = 2147483647;
			files = (
			);
			runOnlyForDeploymentPostprocessing = 0;
		};
/* End PBXSourcesBuildPhase section */

/* Begin PBXTargetDependency section */
		E0C025432EC4A540004A17D9 /* PBXTargetDependency */ = {
			isa = PBXTargetDependency;
			target = E0C025332EC4A53E004A17D9 /* AIChat */;
			targetProxy = E0C025422EC4A540004A17D9 /* PBXContainerItemProxy */;
		};
		E0C0254D2EC4A540004A17D9 /* PBXTargetDependency */ = {
			isa = PBXTargetDependency;
			target = E0C025332EC4A53E004A17D9 /* AIChat */;
			targetProxy = E0C0254C2EC4A540004A17D9 /* PBXContainerItemProxy */;
		};
/* End PBXTargetDependency section */

/* Begin XCBuildConfiguration section */
		E0C025532EC4A540004A17D9 /* Debug */ = {
			isa = XCBuildConfiguration;
			buildSettings = {
				ALWAYS_SEARCH_USER_PATHS = NO;
				ASSETCATALOG_COMPILER_GENERATE_SWIFT_ASSET_SYMBOL_EXTENSIONS = YES;
				CLANG_ANALYZER_NONNULL = YES;
				CLANG_ANALYZER_NUMBER_OBJECT_CONVERSION = YES_AGGRESSIVE;
				CLANG_CXX_LANGUAGE_STANDARD = "gnu++20";
				CLANG_ENABLE_MODULES = YES;
				CLANG_ENABLE_OBJC_ARC = YES;
				CLANG_ENABLE_OBJC_WEAK = YES;
				CLANG_WARN_BLOCK_CAPTURE_AUTORELEASING = YES;
				CLANG_WARN_BOOL_CONVERSION = YES;
				CLANG_WARN_COMMA = YES;
				CLANG_WARN_CONSTANT_CONVERSION = YES;
				CLANG_WARN_DEPRECATED_OBJC_IMPLEMENTATIONS = YES;
				CLANG_WARN_DIRECT_OBJC_ISA_USAGE = YES_ERROR;
				CLANG_WARN_DOCUMENTATION_COMMENTS = YES;
				CLANG_WARN_EMPTY_BODY = YES;
				CLANG_WARN_ENUM_CONVERSION = YES;
				CLANG_WARN_INFINITE_RECURSION = YES;
				CLANG_WARN_INT_CONVERSION = YES;
				CLANG_WARN_NON_LITERAL_NULL_CONVERSION = YES;
				CLANG_WARN_OBJC_IMPLICIT_RETAIN_SELF = YES;
				CLANG_WARN_OBJC_LITERAL_CONVERSION = YES;
				CLANG_WARN_OBJC_ROOT_CLASS = YES_ERROR;
				CLANG_WARN_QUOTED_INCLUDE_IN_FRAMEWORK_HEADER = YES;
				CLANG_WARN_RANGE_LOOP_ANALYSIS = YES;
				CLANG_WARN_STRICT_PROTOTYPES = YES;
				CLANG_WARN_SUSPICIOUS_MOVE = YES;
				CLANG_WARN_UNGUARDED_AVAILABILITY = YES_AGGRESSIVE;
				CLANG_WARN_UNREACHABLE_CODE = YES;
				CLANG_WARN__DUPLICATE_METHOD_MATCH = YES;
				COPY_PHASE_STRIP = NO;
				DEBUG_INFORMATION_FORMAT = dwarf;
				DEVELOPMENT_TEAM = 6N2JAUH25Y;
				ENABLE_STRICT_OBJC_MSGSEND = YES;
				ENABLE_TESTABILITY = YES;
				ENABLE_USER_SCRIPT_SANDBOXING = YES;
				GCC_C_LANGUAGE_STANDARD = gnu17;
				GCC_DYNAMIC_NO_PIC = NO;
				GCC_NO_COMMON_BLOCKS = YES;
				GCC_OPTIMIZATION_LEVEL = 0;
				GCC_PREPROCESSOR_DEFINITIONS = (
					"DEBUG=1",
					"$(inherited)",
				);
				GCC_WARN_64_TO_32_BIT_CONVERSION = YES;
				GCC_WARN_ABOUT_RETURN_TYPE = YES_ERROR;
				GCC_WARN_UNDECLARED_SELECTOR = YES;
				GCC_WARN_UNINITIALIZED_AUTOS = YES_AGGRESSIVE;
				GCC_WARN_UNUSED_FUNCTION = YES;
				GCC_WARN_UNUSED_VARIABLE = YES;
				IPHONEOS_DEPLOYMENT_TARGET = 26.0;
				LOCALIZATION_PREFERS_STRING_CATALOGS = YES;
				MTL_ENABLE_DEBUG_INFO = INCLUDE_SOURCE;
				MTL_FAST_MATH = YES;
				ONLY_ACTIVE_ARCH = YES;
				SDKROOT = iphoneos;
				SWIFT_ACTIVE_COMPILATION_CONDITIONS = "DEBUG $(inherited)";
				SWIFT_OPTIMIZATION_LEVEL = "-Onone";
			};
			name = Debug;
		};
		E0C025542EC4A540004A17D9 /* Release */ = {
			isa = XCBuildConfiguration;
			buildSettings = {
				ALWAYS_SEARCH_USER_PATHS = NO;
				ASSETCATALOG_COMPILER_GENERATE_SWIFT_ASSET_SYMBOL_EXTENSIONS = YES;
				CLANG_ANALYZER_NONNULL = YES;
				CLANG_ANALYZER_NUMBER_OBJECT_CONVERSION = YES_AGGRESSIVE;
				CLANG_CXX_LANGUAGE_STANDARD = "gnu++20";
				CLANG_ENABLE_MODULES = YES;
				CLANG_ENABLE_OBJC_ARC = YES;
				CLANG_ENABLE_OBJC_WEAK = YES;
				CLANG_WARN_BLOCK_CAPTURE_AUTORELEASING = YES;
				CLANG_WARN_BOOL_CONVERSION = YES;
				CLANG_WARN_COMMA = YES;
				CLANG_WARN_CONSTANT_CONVERSION = YES;
				CLANG_WARN_DEPRECATED_OBJC_IMPLEMENTATIONS = YES;
				CLANG_WARN_DIRECT_OBJC_ISA_USAGE = YES_ERROR;
				CLANG_WARN_DOCUMENTATION_COMMENTS = YES;
				CLANG_WARN_EMPTY_BODY = YES;
				CLANG_WARN_ENUM_CONVERSION = YES;
				CLANG_WARN_INFINITE_RECURSION = YES;
				CLANG_WARN_INT_CONVERSION = YES;
				CLANG_WARN_NON_LITERAL_NULL_CONVERSION = YES;
				CLANG_WARN_OBJC_IMPLICIT_RETAIN_SELF = YES;
				CLANG_WARN_OBJC_LITERAL_CONVERSION = YES;
				CLANG_WARN_OBJC_ROOT_CLASS = YES_ERROR;
				CLANG_WARN_QUOTED_INCLUDE_IN_FRAMEWORK_HEADER = YES;
				CLANG_WARN_RANGE_LOOP_ANALYSIS = YES;
				CLANG_WARN_STRICT_PROTOTYPES = YES;
				CLANG_WARN_SUSPICIOUS_MOVE = YES;
				CLANG_WARN_UNGUARDED_AVAILABILITY = YES_AGGRESSIVE;
				CLANG_WARN_UNREACHABLE_CODE = YES;
				CLANG_WARN__DUPLICATE_METHOD_MATCH = YES;
				COPY_PHASE_STRIP = NO;
				DEBUG_INFORMATION_FORMAT = "dwarf-with-dsym";
				DEVELOPMENT_TEAM = 6N2JAUH25Y;
				ENABLE_NS_ASSERTIONS = NO;
				ENABLE_STRICT_OBJC_MSGSEND = YES;
				ENABLE_USER_SCRIPT_SANDBOXING = YES;
				GCC_C_LANGUAGE_STANDARD = gnu17;
				GCC_NO_COMMON_BLOCKS = YES;
				GCC_WARN_64_TO_32_BIT_CONVERSION = YES;
				GCC_WARN_ABOUT_RETURN_TYPE = YES_ERROR;
				GCC_WARN_UNDECLARED_SELECTOR = YES;
				GCC_WARN_UNINITIALIZED_AUTOS = YES_AGGRESSIVE;
				GCC_WARN_UNUSED_FUNCTION = YES;
				GCC_WARN_UNUSED_VARIABLE = YES;
				IPHONEOS_DEPLOYMENT_TARGET = 26.0;
				LOCALIZATION_PREFERS_STRING_CATALOGS = YES;
				MTL_ENABLE_DEBUG_INFO = NO;
				MTL_FAST_MATH = YES;
				SDKROOT = iphoneos;
				SWIFT_COMPILATION_MODE = wholemodule;
				VALIDATE_PRODUCT = YES;
			};
			name = Release;
		};
		E0C025562EC4A540004A17D9 /* Debug */ = {
			isa = XCBuildConfiguration;
			buildSettings = {
				ASSETCATALOG_COMPILER_APPICON_NAME = AppIcon;
				ASSETCATALOG_COMPILER_GLOBAL_ACCENT_COLOR_NAME = AccentColor;
				CODE_SIGN_STYLE = Automatic;
				CURRENT_PROJECT_VERSION = 1;
				DEVELOPMENT_TEAM = 6N2JAUH25Y;
				ENABLE_PREVIEWS = YES;
				ENABLE_USER_SCRIPT_SANDBOXING = NO;
				GENERATE_INFOPLIST_FILE = YES;
				INFOPLIST_FILE = AIChat/Info.plist;
				INFOPLIST_KEY_UIApplicationSceneManifest_Generation = YES;
				INFOPLIST_KEY_UIApplicationSupportsIndirectInputEvents = YES;
				INFOPLIST_KEY_UILaunchStoryboardName = LaunchScreen;
				INFOPLIST_KEY_UISupportedInterfaceOrientations_iPad = "UIInterfaceOrientationPortrait UIInterfaceOrientationPortraitUpsideDown UIInterfaceOrientationLandscapeLeft UIInterfaceOrientationLandscapeRight";
				INFOPLIST_KEY_UISupportedInterfaceOrientations_iPhone = "UIInterfaceOrientationPortrait UIInterfaceOrientationLandscapeLeft UIInterfaceOrientationLandscapeRight";
				IPHONEOS_DEPLOYMENT_TARGET = 17.0;
				LD_RUNPATH_SEARCH_PATHS = (
					"$(inherited)",
					"@executable_path/Frameworks",
				);
				MARKETING_VERSION = 1.0;
				PRODUCT_BUNDLE_IDENTIFIER = com.pedroteloeken.AIChat;
				PRODUCT_NAME = "$(TARGET_NAME)";
				STRING_CATALOG_GENERATE_SYMBOLS = YES;
				SUPPORTED_PLATFORMS = "iphoneos iphonesimulator";
				SUPPORTS_MACCATALYST = YES;
				SUPPORTS_MAC_DESIGNED_FOR_IPHONE_IPAD = NO;
				SUPPORTS_XR_DESIGNED_FOR_IPHONE_IPAD = NO;
				SWIFT_APPROACHABLE_CONCURRENCY = YES;
				SWIFT_DEFAULT_ACTOR_ISOLATION = MainActor;
				SWIFT_EMIT_LOC_STRINGS = YES;
				SWIFT_UPCOMING_FEATURE_MEMBER_IMPORT_VISIBILITY = YES;
				SWIFT_VERSION = 6.0;
				TARGETED_DEVICE_FAMILY = "1,2";
			};
			name = Debug;
		};
		E0C025572EC4A540004A17D9 /* Release */ = {
			isa = XCBuildConfiguration;
			buildSettings = {
				ASSETCATALOG_COMPILER_APPICON_NAME = AppIcon;
				ASSETCATALOG_COMPILER_GLOBAL_ACCENT_COLOR_NAME = AccentColor;
				CODE_SIGN_STYLE = Automatic;
				CURRENT_PROJECT_VERSION = 1;
				DEVELOPMENT_TEAM = 6N2JAUH25Y;
				ENABLE_PREVIEWS = YES;
				ENABLE_USER_SCRIPT_SANDBOXING = NO;
				GENERATE_INFOPLIST_FILE = YES;
				INFOPLIST_FILE = AIChat/Info.plist;
				INFOPLIST_KEY_UIApplicationSceneManifest_Generation = YES;
				INFOPLIST_KEY_UIApplicationSupportsIndirectInputEvents = YES;
				INFOPLIST_KEY_UILaunchStoryboardName = LaunchScreen;
				INFOPLIST_KEY_UISupportedInterfaceOrientations_iPad = "UIInterfaceOrientationPortrait UIInterfaceOrientationPortraitUpsideDown UIInterfaceOrientationLandscapeLeft UIInterfaceOrientationLandscapeRight";
				INFOPLIST_KEY_UISupportedInterfaceOrientations_iPhone = "UIInterfaceOrientationPortrait UIInterfaceOrientationLandscapeLeft UIInterfaceOrientationLandscapeRight";
				IPHONEOS_DEPLOYMENT_TARGET = 17.0;
				LD_RUNPATH_SEARCH_PATHS = (
					"$(inherited)",
					"@executable_path/Frameworks",
				);
				MARKETING_VERSION = 1.0;
				PRODUCT_BUNDLE_IDENTIFIER = com.pedroteloeken.AIChat;
				PRODUCT_NAME = "$(TARGET_NAME)";
				STRING_CATALOG_GENERATE_SYMBOLS = YES;
				SUPPORTED_PLATFORMS = "iphoneos iphonesimulator";
				SUPPORTS_MACCATALYST = YES;
				SUPPORTS_MAC_DESIGNED_FOR_IPHONE_IPAD = NO;
				SUPPORTS_XR_DESIGNED_FOR_IPHONE_IPAD = NO;
				SWIFT_APPROACHABLE_CONCURRENCY = YES;
				SWIFT_DEFAULT_ACTOR_ISOLATION = MainActor;
				SWIFT_EMIT_LOC_STRINGS = YES;
				SWIFT_UPCOMING_FEATURE_MEMBER_IMPORT_VISIBILITY = YES;
				SWIFT_VERSION = 6.0;
				TARGETED_DEVICE_FAMILY = "1,2";
			};
			name = Release;
		};
		E0C025592EC4A540004A17D9 /* Debug */ = {
			isa = XCBuildConfiguration;
			buildSettings = {
				BUNDLE_LOADER = "$(TEST_HOST)";
				CODE_SIGN_STYLE = Automatic;
				CURRENT_PROJECT_VERSION = 1;
				DEVELOPMENT_TEAM = 6N2JAUH25Y;
				GENERATE_INFOPLIST_FILE = YES;
				IPHONEOS_DEPLOYMENT_TARGET = 26.0;
				MARKETING_VERSION = 1.0;
				PRODUCT_BUNDLE_IDENTIFIER = com.pedroteloeken.AIChatTests;
				PRODUCT_NAME = "$(TARGET_NAME)";
				STRING_CATALOG_GENERATE_SYMBOLS = NO;
				SWIFT_APPROACHABLE_CONCURRENCY = YES;
				SWIFT_EMIT_LOC_STRINGS = NO;
				SWIFT_UPCOMING_FEATURE_MEMBER_IMPORT_VISIBILITY = YES;
				SWIFT_VERSION = 5.0;
				TARGETED_DEVICE_FAMILY = "1,2";
				TEST_HOST = "$(BUILT_PRODUCTS_DIR)/AIChat.app/$(BUNDLE_EXECUTABLE_FOLDER_PATH)/AIChat";
			};
			name = Debug;
		};
		E0C0255A2EC4A540004A17D9 /* Release */ = {
			isa = XCBuildConfiguration;
			buildSettings = {
				BUNDLE_LOADER = "$(TEST_HOST)";
				CODE_SIGN_STYLE = Automatic;
				CURRENT_PROJECT_VERSION = 1;
				DEVELOPMENT_TEAM = 6N2JAUH25Y;
				GENERATE_INFOPLIST_FILE = YES;
				IPHONEOS_DEPLOYMENT_TARGET = 26.0;
				MARKETING_VERSION = 1.0;
				PRODUCT_BUNDLE_IDENTIFIER = com.pedroteloeken.AIChatTests;
				PRODUCT_NAME = "$(TARGET_NAME)";
				STRING_CATALOG_GENERATE_SYMBOLS = NO;
				SWIFT_APPROACHABLE_CONCURRENCY = YES;
				SWIFT_EMIT_LOC_STRINGS = NO;
				SWIFT_UPCOMING_FEATURE_MEMBER_IMPORT_VISIBILITY = YES;
				SWIFT_VERSION = 5.0;
				TARGETED_DEVICE_FAMILY = "1,2";
				TEST_HOST = "$(BUILT_PRODUCTS_DIR)/AIChat.app/$(BUNDLE_EXECUTABLE_FOLDER_PATH)/AIChat";
			};
			name = Release;
		};
		E0C0255C2EC4A540004A17D9 /* Debug */ = {
			isa = XCBuildConfiguration;
			buildSettings = {
				CODE_SIGN_STYLE = Automatic;
				CURRENT_PROJECT_VERSION = 1;
				DEVELOPMENT_TEAM = 6N2JAUH25Y;
				GENERATE_INFOPLIST_FILE = YES;
				MARKETING_VERSION = 1.0;
				PRODUCT_BUNDLE_IDENTIFIER = com.pedroteloeken.AIChatUITests;
				PRODUCT_NAME = "$(TARGET_NAME)";
				STRING_CATALOG_GENERATE_SYMBOLS = NO;
				SWIFT_APPROACHABLE_CONCURRENCY = YES;
				SWIFT_EMIT_LOC_STRINGS = NO;
				SWIFT_UPCOMING_FEATURE_MEMBER_IMPORT_VISIBILITY = YES;
				SWIFT_VERSION = 5.0;
				TARGETED_DEVICE_FAMILY = "1,2";
				TEST_TARGET_NAME = AIChat;
			};
			name = Debug;
		};
		E0C0255D2EC4A540004A17D9 /* Release */ = {
			isa = XCBuildConfiguration;
			buildSettings = {
				CODE_SIGN_STYLE = Automatic;
				CURRENT_PROJECT_VERSION = 1;
				DEVELOPMENT_TEAM = 6N2JAUH25Y;
				GENERATE_INFOPLIST_FILE = YES;
				MARKETING_VERSION = 1.0;
				PRODUCT_BUNDLE_IDENTIFIER = com.pedroteloeken.AIChatUITests;
				PRODUCT_NAME = "$(TARGET_NAME)";
				STRING_CATALOG_GENERATE_SYMBOLS = NO;
				SWIFT_APPROACHABLE_CONCURRENCY = YES;
				SWIFT_EMIT_LOC_STRINGS = NO;
				SWIFT_UPCOMING_FEATURE_MEMBER_IMPORT_VISIBILITY = YES;
				SWIFT_VERSION = 5.0;
				TARGETED_DEVICE_FAMILY = "1,2";
				TEST_TARGET_NAME = AIChat;
			};
			name = Release;
		};
/* End XCBuildConfiguration section */

/* Begin XCConfigurationList section */
		E0C0252F2EC4A53E004A17D9 /* Build configuration list for PBXProject "AIChat" */ = {
			isa = XCConfigurationList;
			buildConfigurations = (
				E0C025532EC4A540004A17D9 /* Debug */,
				E0C025542EC4A540004A17D9 /* Release */,
			);
			defaultConfigurationIsVisible = 0;
			defaultConfigurationName = Release;
		};
		E0C025552EC4A540004A17D9 /* Build configuration list for PBXNativeTarget "AIChat" */ = {
			isa = XCConfigurationList;
			buildConfigurations = (
				E0C025562EC4A540004A17D9 /* Debug */,
				E0C025572EC4A540004A17D9 /* Release */,
			);
			defaultConfigurationIsVisible = 0;
			defaultConfigurationName = Release;
		};
		E0C025582EC4A540004A17D9 /* Build configuration list for PBXNativeTarget "AIChatTests" */ = {
			isa = XCConfigurationList;
			buildConfigurations = (
				E0C025592EC4A540004A17D9 /* Debug */,
				E0C0255A2EC4A540004A17D9 /* Release */,
			);
			defaultConfigurationIsVisible = 0;
			defaultConfigurationName = Release;
		};
		E0C0255B2EC4A540004A17D9 /* Build configuration list for PBXNativeTarget "AIChatUITests" */ = {
			isa = XCConfigurationList;
			buildConfigurations = (
				E0C0255C2EC4A540004A17D9 /* Debug */,
				E0C0255D2EC4A540004A17D9 /* Release */,
			);
			defaultConfigurationIsVisible = 0;
			defaultConfigurationName = Release;
		};
/* End XCConfigurationList section */

/* Begin XCRemoteSwiftPackageReference section */
		E02E4CE82F004D6C0013B5C1 /* XCRemoteSwiftPackageReference "SwiftfulUtilities" */ = {
			isa = XCRemoteSwiftPackageReference;
			repositoryURL = "https://github.com/SwiftfulThinking/SwiftfulUtilities.git";
			requirement = {
				kind = upToNextMajorVersion;
				minimumVersion = 1.1.6;
			};
		};
		E0A0B7432EDFC526000531B4 /* XCRemoteSwiftPackageReference "SDWebImageSwiftUI" */ = {
			isa = XCRemoteSwiftPackageReference;
			repositoryURL = "https://github.com/SDWebImage/SDWebImageSwiftUI.git";
			requirement = {
				kind = upToNextMajorVersion;
				minimumVersion = 3.1.4;
			};
		};
		E0CFDB962F4333EC00EB350C /* XCRemoteSwiftPackageReference "firebase-ios-sdk" */ = {
			isa = XCRemoteSwiftPackageReference;
			repositoryURL = "https://github.com/firebase/firebase-ios-sdk";
			requirement = {
				kind = upToNextMajorVersion;
				minimumVersion = 12.9.0;
			};
		};
/* End XCRemoteSwiftPackageReference section */

/* Begin XCSwiftPackageProductDependency section */
		E02E4CE92F004D6C0013B5C1 /* SwiftfulUtilities */ = {
			isa = XCSwiftPackageProductDependency;
			package = E02E4CE82F004D6C0013B5C1 /* XCRemoteSwiftPackageReference "SwiftfulUtilities" */;
			productName = SwiftfulUtilities;
		};
		E0A0B7442EDFC526000531B4 /* SDWebImageSwiftUI */ = {
			isa = XCSwiftPackageProductDependency;
			package = E0A0B7432EDFC526000531B4 /* XCRemoteSwiftPackageReference "SDWebImageSwiftUI" */;
			productName = SDWebImageSwiftUI;
		};
		E0CFDB972F4333EC00EB350C /* FirebaseAuth */ = {
			isa = XCSwiftPackageProductDependency;
			package = E0CFDB962F4333EC00EB350C /* XCRemoteSwiftPackageReference "firebase-ios-sdk" */;
			productName = FirebaseAuth;
		};
/* End XCSwiftPackageProductDependency section */
	};
	rootObject = E0C0252C2EC4A53E004A17D9 /* Project object */;
}
